
Microsoft Visual Studio Solution File, Format Version 12.00
# Visual Studio Version 17
VisualStudioVersion = 17.9.34728.123
MinimumVisualStudioVersion = 10.0.40219.1
Project("{9A19103F-16F7-4668-BE54-9A1E7A4F7556}") = "WorkingWithActivity", "WorkingWithActivity\WorkingWithActivity.csproj", "{FBF8FBDF-C6AE-4BBA-9CF5-BF51D24F2013}"
EndProject
Project("{FAE04EC0-301F-11D3-BF4B-00C04F79EFBC}") = "WorkingWithActivity.Web", "WorkingWithActivity.Web\WorkingWithActivity.Web.csproj", "{3F3F18B1-FA71-4DBC-A5BD-FBCC228BB9D8}"
EndProject
Project("{FAE04EC0-301F-11D3-BF4B-00C04F79EFBC}") = "WorkingWithMeters", "WorkingWithMeters\WorkingWithMeters.csproj", "{CEA335FF-8239-42B6-AAF8-B2AFC0835A59}"
EndProject
Global
	GlobalSection(SolutionConfigurationPlatforms) = preSolution
		Debug|Any CPU = Debug|Any CPU
		Release|Any CPU = Release|Any CPU
	EndGlobalSection
	GlobalSection(ProjectConfigurationPlatforms) = postSolution
		{FBF8FBDF-C6AE-4BBA-9CF5-BF51D24F2013}.Debug|Any CPU.ActiveCfg = Debug|Any CPU
		{FBF8FBDF-C6AE-4BBA-9CF5-BF51D24F2013}.Debug|Any CPU.Build.0 = Debug|Any CPU
		{FBF8FBDF-C6AE-4BBA-9CF5-BF51D24F2013}.Release|Any CPU.ActiveCfg = Release|Any CPU
		{FBF8FBDF-C6AE-4BBA-9CF5-BF51D24F2013}.Release|Any CPU.Build.0 = Release|Any CPU
		{3F3F18B1-FA71-4DBC-A5BD-FBCC228BB9D8}.Debug|Any CPU.ActiveCfg = Debug|Any CPU
		{3F3F18B1-FA71-4DBC-A5BD-FBCC228BB9D8}.Debug|Any CPU.Build.0 = Debug|Any CPU
		{3F3F18B1-FA71-4DBC-A5BD-FBCC228BB9D8}.Release|Any CPU.ActiveCfg = Release|Any CPU
		{3F3F18B1-FA71-4DBC-A5BD-FBCC228BB9D8}.Release|Any CPU.Build.0 = Release|Any CPU
		{CEA335FF-8239-42B6-AAF8-B2AFC0835A59}.Debug|Any CPU.ActiveCfg = Debug|Any CPU
		{CEA335FF-8239-42B6-AAF8-B2AFC0835A59}.Debug|Any CPU.Build.0 = Debug|Any CPU
		{CEA335FF-8239-42B6-AAF8-B2AFC0835A59}.Release|Any CPU.ActiveCfg = Release|Any CPU
		{CEA335FF-8239-42B6-AAF8-B2AFC0835A59}.Release|Any CPU.Build.0 = Release|Any CPU
	EndGlobalSection
	GlobalSection(SolutionProperties) = preSolution
		HideSolutionNode = FALSE
	EndGlobalSection
	GlobalSection(ExtensibilityGlobals) = postSolution
		SolutionGuid = {C41504F3-6A16-41B2-85B9-A7ED94F22676}
	EndGlobalSection
EndGlobal
